
Microsoft Visual Studio Solution File, Format Version 12.00
# Visual Studio Version 17
VisualStudioVersion = 17.9.34714.143
MinimumVisualStudioVersion = 10.0.40219.1
Project("{9A19103F-16F7-4668-BE54-9A1E7A4F7556}") = "TaskIt", "TaskIt.csproj", "{C3F775B2-ABB0-4DE7-88C5-2B8A048CF072}"
EndProject
Project("{FAE04EC0-301F-11D3-BF4B-00C04F79EFBC}") = "TaskIt_Test", "..\TaskIt_Test\TaskIt_Test.csproj", "{759833B6-EB30-434F-BDC3-DF3F6FC277BB}"
EndProject
Global
	GlobalSection(SolutionConfigurationPlatforms) = preSolution
		Debug|Any CPU = Debug|Any CPU
		Release|Any CPU = Release|Any CPU
	EndGlobalSection
	GlobalSection(ProjectConfigurationPlatforms) = postSolution
		{C3F775B2-ABB0-4DE7-88C5-2B8A048CF072}.Debug|Any CPU.ActiveCfg = Debug|Any CPU
		{C3F775B2-ABB0-4DE7-88C5-2B8A048CF072}.Debug|Any CPU.Build.0 = Debug|Any CPU
		{C3F775B2-ABB0-4DE7-88C5-2B8A048CF072}.Release|Any CPU.ActiveCfg = Release|Any CPU
		{C3F775B2-ABB0-4DE7-88C5-2B8A048CF072}.Release|Any CPU.Build.0 = Release|Any CPU
		{759833B6-EB30-434F-BDC3-DF3F6FC277BB}.Debug|Any CPU.ActiveCfg = Debug|Any CPU
		{759833B6-EB30-434F-BDC3-DF3F6FC277BB}.Debug|Any CPU.Build.0 = Debug|Any CPU
		{759833B6-EB30-434F-BDC3-DF3F6FC277BB}.Release|Any CPU.ActiveCfg = Release|Any CPU
		{759833B6-EB30-434F-BDC3-DF3F6FC277BB}.Release|Any CPU.Build.0 = Release|Any CPU
	EndGlobalSection
	GlobalSection(SolutionProperties) = preSolution
		HideSolutionNode = FALSE
	EndGlobalSection
	GlobalSection(ExtensibilityGlobals) = postSolution
		SolutionGuid = {AEBEF04A-0EE1-4D17-A99D-ABCDD7F0F747}
	EndGlobalSection
EndGlobal
